
Microsoft Visual Studio Solution File, Format Version 12.00
# Visual Studio Version 17
VisualStudioVersion = 17.14.36408.4 d17.14
MinimumVisualStudioVersion = 10.0.40219.1
Project("{FAE04EC0-301F-11D3-BF4B-00C04F79EFBC}") = "Client", "Client\Client.csproj", "{BD161A14-0F1B-4E95-9936-D3A6D090D43B}"
EndProject
Global
	GlobalSection(SolutionConfigurationPlatforms) = preSolution
		Debug|Any CPU = Debug|Any CPU
		Release|Any CPU = Release|Any CPU
	EndGlobalSection
	GlobalSection(ProjectConfigurationPlatforms) = postSolution
		{BD161A14-0F1B-4E95-9936-D3A6D090D43B}.Debug|Any CPU.ActiveCfg = Debug|Any CPU
		{BD161A14-0F1B-4E95-9936-D3A6D090D43B}.Debug|Any CPU.Build.0 = Debug|Any CPU
		{BD161A14-0F1B-4E95-9936-D3A6D090D43B}.Release|Any CPU.ActiveCfg = Release|Any CPU
		{BD161A14-0F1B-4E95-9936-D3A6D090D43B}.Release|Any CPU.Build.0 = Release|Any CPU
	EndGlobalSection
	GlobalSection(SolutionProperties) = preSolution
		HideSolutionNode = FALSE
	EndGlobalSection
	GlobalSection(ExtensibilityGlobals) = postSolution
		SolutionGuid = {CAE53871-9158-4721-B9F5-A9CE3275F135}
	EndGlobalSection
EndGlobal
